
Microsoft Visual Studio Solution File, Format Version 12.00
# Visual Studio Version 16
VisualStudioVersion = 16.0.33529.622
MinimumVisualStudioVersion = 10.0.40219.1
Project("{FAE04EC0-301F-11D3-BF4B-00C04F79EFBC}") = "QuanLyGiaoDichXe", "QuanLyGiaoDichXe\QuanLyGiaoDichXe.csproj", "{0C946E5B-544C-4087-9157-35CEE00CB7C6}"
EndProject
Global
	GlobalSection(SolutionConfigurationPlatforms) = preSolution
		Debug|Any CPU = Debug|Any CPU
		Release|Any CPU = Release|Any CPU
	EndGlobalSection
	GlobalSection(ProjectConfigurationPlatforms) = postSolution
		{0C946E5B-544C-4087-9157-35CEE00CB7C6}.Debug|Any CPU.ActiveCfg = Debug|Any CPU
		{0C946E5B-544C-4087-9157-35CEE00CB7C6}.Debug|Any CPU.Build.0 = Debug|Any CPU
		{0C946E5B-544C-4087-9157-35CEE00CB7C6}.Release|Any CPU.ActiveCfg = Release|Any CPU
		{0C946E5B-544C-4087-9157-35CEE00CB7C6}.Release|Any CPU.Build.0 = Release|Any CPU
	EndGlobalSection
	GlobalSection(SolutionProperties) = preSolution
		HideSolutionNode = FALSE
	EndGlobalSection
	GlobalSection(ExtensibilityGlobals) = postSolution
		SolutionGuid = {364316C7-18C8-4485-9A00-893126ABF324}
	EndGlobalSection
EndGlobal
